// !$*UTF8*$!
{
	archiveVersion = 1;
	classes = {
	};
	objectVersion = 46;
	objects = {

/* Begin PBXBuildFile section */
		4EB2E1911722E9F800667537 /* Cocoa.framework in Frameworks */ = {isa = PBXBuildFile; fileRef = 4ED655E6170F7867005FEE56 /* Cocoa.framework */; };
		4EB2E1971722E9F800667537 /* InfoPlist.strings in Resources */ = {isa = PBXBuildFile; fileRef = 4EB2E1951722E9F800667537 /* InfoPlist.strings */; };
		4EB2E1991722E9F800667537 /* main.m in Sources */ = {isa = PBXBuildFile; fileRef = 4EB2E1981722E9F800667537 /* main.m */; };
		4EB2E19D1722E9F800667537 /* Credits.rtf in Resources */ = {isa = PBXBuildFile; fileRef = 4EB2E19B1722E9F800667537 /* Credits.rtf */; };
		4EB2E1A01722E9F800667537 /* HATAppDelegate.m in Sources */ = {isa = PBXBuildFile; fileRef = 4EB2E19F1722E9F800667537 /* HATAppDelegate.m */; };
		4EB2E1A31722E9F800667537 /* MainMenu.xib in Resources */ = {isa = PBXBuildFile; fileRef = 4EB2E1A11722E9F800667537 /* MainMenu.xib */; };
		4EB2E1AB1722EA1B00667537 /* HATMessageHistorySource.m in Sources */ = {isa = PBXBuildFile; fileRef = 4EB2E1AA1722EA1B00667537 /* HATMessageHistorySource.m */; };
		4EB2E1AC1722EB0200667537 /* Swarm.framework in Frameworks */ = {isa = PBXBuildFile; fileRef = 4ED655E3170F7867005FEE56 /* Swarm.framework */; };
		4EB2E1AD1722EB0700667537 /* JVectorClock.framework in Frameworks */ = {isa = PBXBuildFile; fileRef = 4EC012A71719FEF600F65581 /* JVectorClock.framework */; };
		4EB2E1AE1723804D00667537 /* Swarm.framework in Resources */ = {isa = PBXBuildFile; fileRef = 4ED655E3170F7867005FEE56 /* Swarm.framework */; };
		4EB2E1AF1723805B00667537 /* JVectorClock.framework in Resources */ = {isa = PBXBuildFile; fileRef = 4EC012A71719FEF600F65581 /* JVectorClock.framework */; };
		4EB2E1B21724316E00667537 /* SwarmBonjourServer.h in Headers */ = {isa = PBXBuildFile; fileRef = 4EB2E1B01724316E00667537 /* SwarmBonjourServer.h */; };
		4EB2E1B31724316E00667537 /* SwarmBonjourServer.m in Sources */ = {isa = PBXBuildFile; fileRef = 4EB2E1B11724316E00667537 /* SwarmBonjourServer.m */; };
		4EB2E1B61724338000667537 /* SwarmCoordinator.h in Headers */ = {isa = PBXBuildFile; fileRef = 4EB2E1B41724338000667537 /* SwarmCoordinator.h */; };
		4EB2E1B71724338000667537 /* SwarmCoordinator.m in Sources */ = {isa = PBXBuildFile; fileRef = 4EB2E1B51724338000667537 /* SwarmCoordinator.m */; };
		4EB2E1BA17244FC700667537 /* SwarmBonjourClient.h in Headers */ = {isa = PBXBuildFile; fileRef = 4EB2E1B817244FC700667537 /* SwarmBonjourClient.h */; };
		4EB2E1BB17244FC700667537 /* SwarmBonjourClient.m in Sources */ = {isa = PBXBuildFile; fileRef = 4EB2E1B917244FC700667537 /* SwarmBonjourClient.m */; };
		4EB2E1BE1724632800667537 /* SwarmNodeIDGenerator.h in Headers */ = {isa = PBXBuildFile; fileRef = 4EB2E1BC1724632800667537 /* SwarmNodeIDGenerator.h */; };
		4EB2E1BF1724632800667537 /* SwarmNodeIDGenerator.m in Sources */ = {isa = PBXBuildFile; fileRef = 4EB2E1BD1724632800667537 /* SwarmNodeIDGenerator.m */; };
		4EC012AE1719FF1600F65581 /* JVectorClock.framework in Frameworks */ = {isa = PBXBuildFile; fileRef = 4EC012A71719FEF600F65581 /* JVectorClock.framework */; };
		4ED655E7170F7867005FEE56 /* Cocoa.framework in Frameworks */ = {isa = PBXBuildFile; fileRef = 4ED655E6170F7867005FEE56 /* Cocoa.framework */; };
		4ED655F1170F7867005FEE56 /* InfoPlist.strings in Resources */ = {isa = PBXBuildFile; fileRef = 4ED655EF170F7867005FEE56 /* InfoPlist.strings */; };
		4ED655FD170F7867005FEE56 /* SenTestingKit.framework in Frameworks */ = {isa = PBXBuildFile; fileRef = 4ED655FC170F7867005FEE56 /* SenTestingKit.framework */; };
		4ED655FE170F7867005FEE56 /* Cocoa.framework in Frameworks */ = {isa = PBXBuildFile; fileRef = 4ED655E6170F7867005FEE56 /* Cocoa.framework */; };
		4ED65601170F7867005FEE56 /* Swarm.framework in Frameworks */ = {isa = PBXBuildFile; fileRef = 4ED655E3170F7867005FEE56 /* Swarm.framework */; };
		4ED65607170F7867005FEE56 /* InfoPlist.strings in Resources */ = {isa = PBXBuildFile; fileRef = 4ED65605170F7867005FEE56 /* InfoPlist.strings */; };
		4ED65623170F7925005FEE56 /* GCDAsyncSocket.h in Headers */ = {isa = PBXBuildFile; fileRef = 4ED6561F170F7925005FEE56 /* GCDAsyncSocket.h */; };
		4ED65624170F7925005FEE56 /* GCDAsyncSocket.m in Sources */ = {isa = PBXBuildFile; fileRef = 4ED65620170F7925005FEE56 /* GCDAsyncSocket.m */; };
		4ED65625170F7925005FEE56 /* GCDAsyncUdpSocket.h in Headers */ = {isa = PBXBuildFile; fileRef = 4ED65621170F7925005FEE56 /* GCDAsyncUdpSocket.h */; };
		4ED65626170F7925005FEE56 /* GCDAsyncUdpSocket.m in Sources */ = {isa = PBXBuildFile; fileRef = 4ED65622170F7925005FEE56 /* GCDAsyncUdpSocket.m */; };
		4ED6562D170F7AE0005FEE56 /* SwarmMessage.h in Headers */ = {isa = PBXBuildFile; fileRef = 4ED6562B170F7AE0005FEE56 /* SwarmMessage.h */; };
		4ED6562E170F7AE0005FEE56 /* SwarmMessage.m in Sources */ = {isa = PBXBuildFile; fileRef = 4ED6562C170F7AE0005FEE56 /* SwarmMessage.m */; };
		4ED65634170FA13F005FEE56 /* DPSMessageTests.m in Sources */ = {isa = PBXBuildFile; fileRef = 4ED65633170FA13F005FEE56 /* DPSMessageTests.m */; };
		4ED65636170FA563005FEE56 /* Security.framework in Frameworks */ = {isa = PBXBuildFile; fileRef = 4ED65635170FA563005FEE56 /* Security.framework */; };
		4ED65639170FCE81005FEE56 /* SwarmNode.h in Headers */ = {isa = PBXBuildFile; fileRef = 4ED65637170FCE81005FEE56 /* SwarmNode.h */; };
		4ED6563A170FCE81005FEE56 /* SwarmNode.m in Sources */ = {isa = PBXBuildFile; fileRef = 4ED65638170FCE81005FEE56 /* SwarmNode.m */; };
		4ED6563D17107ECB005FEE56 /* SwarmHistoryItem.h in Headers */ = {isa = PBXBuildFile; fileRef = 4ED6563B17107ECB005FEE56 /* SwarmHistoryItem.h */; };
		4ED6563E17107ECB005FEE56 /* SwarmHistoryItem.m in Sources */ = {isa = PBXBuildFile; fileRef = 4ED6563C17107ECB005FEE56 /* SwarmHistoryItem.m */; };
		4ED6574D17130567005FEE56 /* DPSHistoryItemTests.m in Sources */ = {isa = PBXBuildFile; fileRef = 4ED6574C17130567005FEE56 /* DPSHistoryItemTests.m */; };
		4ED657551713830A005FEE56 /* DPSNodeTests.m in Sources */ = {isa = PBXBuildFile; fileRef = 4ED657541713830A005FEE56 /* DPSNodeTests.m */; };
/* End PBXBuildFile section */

/* Begin PBXContainerItemProxy section */
		4EC012A61719FEF600F65581 /* PBXContainerItemProxy */ = {
			isa = PBXContainerItemProxy;
			containerPortal = 4EC012A01719FEF500F65581 /* JVectorClock.xcodeproj */;
			proxyType = 2;
			remoteGlobalIDString = 4ED6565417110B14005FEE56;
			remoteInfo = JVectorClock;
		};
		4EC012A81719FEF600F65581 /* PBXContainerItemProxy */ = {
			isa = PBXContainerItemProxy;
			containerPortal = 4EC012A01719FEF500F65581 /* JVectorClock.xcodeproj */;
			proxyType = 2;
			remoteGlobalIDString = 4ED6566C17110B14005FEE56;
			remoteInfo = JVectorClockTests;
		};
		4EC012AA1719FEF600F65581 /* PBXContainerItemProxy */ = {
			isa = PBXContainerItemProxy;
			containerPortal = 4EC012A01719FEF500F65581 /* JVectorClock.xcodeproj */;
			proxyType = 2;
			remoteGlobalIDString = 4ED6569917110BED005FEE56;
			remoteInfo = "JVectorClock-iOS";
		};
		4EC012AC1719FF0000F65581 /* PBXContainerItemProxy */ = {
			isa = PBXContainerItemProxy;
			containerPortal = 4EC012A01719FEF500F65581 /* JVectorClock.xcodeproj */;
			proxyType = 1;
			remoteGlobalIDString = 4ED6565317110B14005FEE56;
			remoteInfo = JVectorClock;
		};
		4ED655FF170F7867005FEE56 /* PBXContainerItemProxy */ = {
			isa = PBXContainerItemProxy;
			containerPortal = 4ED655DA170F7867005FEE56 /* Project object */;
			proxyType = 1;
			remoteGlobalIDString = 4ED655E2170F7867005FEE56;
			remoteInfo = Swarm;
		};
/* End PBXContainerItemProxy section */

/* Begin PBXFileReference section */
		4E02589A1715122700C4AEC0 /* Foundation.framework */ = {isa = PBXFileReference; lastKnownFileType = wrapper.framework; name = Foundation.framework; path = System/Library/Frameworks/Foundation.framework; sourceTree = SDKROOT; };
		4EB2E1901722E9F800667537 /* SwarmTest.app */ = {isa = PBXFileReference; explicitFileType = wrapper.application; includeInIndex = 0; path = SwarmTest.app; sourceTree = BUILT_PRODUCTS_DIR; };
		4EB2E1941722E9F800667537 /* SwarmTest-Info.plist */ = {isa = PBXFileReference; lastKnownFileType = text.plist.xml; path = "SwarmTest-Info.plist"; sourceTree = "<group>"; };
		4EB2E1961722E9F800667537 /* en */ = {isa = PBXFileReference; lastKnownFileType = text.plist.strings; name = en; path = en.lproj/InfoPlist.strings; sourceTree = "<group>"; };
		4EB2E1981722E9F800667537 /* main.m */ = {isa = PBXFileReference; lastKnownFileType = sourcecode.c.objc; path = main.m; sourceTree = "<group>"; };
		4EB2E19A1722E9F800667537 /* SwarmTest-Prefix.pch */ = {isa = PBXFileReference; lastKnownFileType = sourcecode.c.h; path = "SwarmTest-Prefix.pch"; sourceTree = "<group>"; };
		4EB2E19C1722E9F800667537 /* en */ = {isa = PBXFileReference; lastKnownFileType = text.rtf; name = en; path = en.lproj/Credits.rtf; sourceTree = "<group>"; };
		4EB2E19E1722E9F800667537 /* HATAppDelegate.h */ = {isa = PBXFileReference; lastKnownFileType = sourcecode.c.h; path = HATAppDelegate.h; sourceTree = "<group>"; };
		4EB2E19F1722E9F800667537 /* HATAppDelegate.m */ = {isa = PBXFileReference; lastKnownFileType = sourcecode.c.objc; path = HATAppDelegate.m; sourceTree = "<group>"; };
		4EB2E1A21722E9F800667537 /* en */ = {isa = PBXFileReference; lastKnownFileType = file.xib; name = en; path = en.lproj/MainMenu.xib; sourceTree = "<group>"; };
		4EB2E1A91722EA1B00667537 /* HATMessageHistorySource.h */ = {isa = PBXFileReference; fileEncoding = 4; lastKnownFileType = sourcecode.c.h; path = HATMessageHistorySource.h; sourceTree = "<group>"; };
		4EB2E1AA1722EA1B00667537 /* HATMessageHistorySource.m */ = {isa = PBXFileReference; fileEncoding = 4; lastKnownFileType = sourcecode.c.objc; path = HATMessageHistorySource.m; sourceTree = "<group>"; };
		4EB2E1B01724316E00667537 /* SwarmBonjourServer.h */ = {isa = PBXFileReference; fileEncoding = 4; lastKnownFileType = sourcecode.c.h; path = SwarmBonjourServer.h; sourceTree = "<group>"; };
		4EB2E1B11724316E00667537 /* SwarmBonjourServer.m */ = {isa = PBXFileReference; fileEncoding = 4; lastKnownFileType = sourcecode.c.objc; path = SwarmBonjourServer.m; sourceTree = "<group>"; };
		4EB2E1B41724338000667537 /* SwarmCoordinator.h */ = {isa = PBXFileReference; fileEncoding = 4; lastKnownFileType = sourcecode.c.h; path = SwarmCoordinator.h; sourceTree = "<group>"; };
		4EB2E1B51724338000667537 /* SwarmCoordinator.m */ = {isa = PBXFileReference; fileEncoding = 4; lastKnownFileType = sourcecode.c.objc; path = SwarmCoordinator.m; sourceTree = "<group>"; };
		4EB2E1B817244FC700667537 /* SwarmBonjourClient.h */ = {isa = PBXFileReference; fileEncoding = 4; lastKnownFileType = sourcecode.c.h; path = SwarmBonjourClient.h; sourceTree = "<group>"; };
		4EB2E1B917244FC700667537 /* SwarmBonjourClient.m */ = {isa = PBXFileReference; fileEncoding = 4; lastKnownFileType = sourcecode.c.objc; path = SwarmBonjourClient.m; sourceTree = "<group>"; };
		4EB2E1BC1724632800667537 /* SwarmNodeIDGenerator.h */ = {isa = PBXFileReference; fileEncoding = 4; lastKnownFileType = sourcecode.c.h; path = SwarmNodeIDGenerator.h; sourceTree = "<group>"; };
		4EB2E1BD1724632800667537 /* SwarmNodeIDGenerator.m */ = {isa = PBXFileReference; fileEncoding = 4; lastKnownFileType = sourcecode.c.objc; path = SwarmNodeIDGenerator.m; sourceTree = "<group>"; };
		4EC012A01719FEF500F65581 /* JVectorClock.xcodeproj */ = {isa = PBXFileReference; lastKnownFileType = "wrapper.pb-project"; name = JVectorClock.xcodeproj; path = JVectorClock/JVectorClock.xcodeproj; sourceTree = "<group>"; };
		4ED655E3170F7867005FEE56 /* Swarm.framework */ = {isa = PBXFileReference; explicitFileType = wrapper.framework; includeInIndex = 0; path = Swarm.framework; sourceTree = BUILT_PRODUCTS_DIR; };
		4ED655E6170F7867005FEE56 /* Cocoa.framework */ = {isa = PBXFileReference; lastKnownFileType = wrapper.framework; name = Cocoa.framework; path = System/Library/Frameworks/Cocoa.framework; sourceTree = SDKROOT; };
		4ED655E9170F7867005FEE56 /* AppKit.framework */ = {isa = PBXFileReference; lastKnownFileType = wrapper.framework; name = AppKit.framework; path = System/Library/Frameworks/AppKit.framework; sourceTree = SDKROOT; };
		4ED655EA170F7867005FEE56 /* CoreData.framework */ = {isa = PBXFileReference; lastKnownFileType = wrapper.framework; name = CoreData.framework; path = System/Library/Frameworks/CoreData.framework; sourceTree = SDKROOT; };
		4ED655EB170F7867005FEE56 /* Foundation.framework */ = {isa = PBXFileReference; lastKnownFileType = wrapper.framework; name = Foundation.framework; path = System/Library/Frameworks/Foundation.framework; sourceTree = SDKROOT; };
		4ED655EE170F7867005FEE56 /* Swarm-Info.plist */ = {isa = PBXFileReference; lastKnownFileType = text.plist.xml; path = "Swarm-Info.plist"; sourceTree = "<group>"; };
		4ED655F0170F7867005FEE56 /* en */ = {isa = PBXFileReference; lastKnownFileType = text.plist.strings; name = en; path = en.lproj/InfoPlist.strings; sourceTree = "<group>"; };
		4ED655F2170F7867005FEE56 /* Swarm-Prefix.pch */ = {isa = PBXFileReference; lastKnownFileType = sourcecode.c.h; path = "Swarm-Prefix.pch"; sourceTree = "<group>"; };
		4ED655F3170F7867005FEE56 /* Swarm.h */ = {isa = PBXFileReference; lastKnownFileType = sourcecode.c.h; path = Swarm.h; sourceTree = "<group>"; };
		4ED655FB170F7867005FEE56 /* SwarmTests.octest */ = {isa = PBXFileReference; explicitFileType = wrapper.cfbundle; includeInIndex = 0; path = SwarmTests.octest; sourceTree = BUILT_PRODUCTS_DIR; };
		4ED655FC170F7867005FEE56 /* SenTestingKit.framework */ = {isa = PBXFileReference; lastKnownFileType = wrapper.framework; name = SenTestingKit.framework; path = Library/Frameworks/SenTestingKit.framework; sourceTree = DEVELOPER_DIR; };
		4ED65604170F7867005FEE56 /* SwarmTests-Info.plist */ = {isa = PBXFileReference; lastKnownFileType = text.plist.xml; path = "SwarmTests-Info.plist"; sourceTree = "<group>"; };
		4ED65606170F7867005FEE56 /* en */ = {isa = PBXFileReference; lastKnownFileType = text.plist.strings; name = en; path = en.lproj/InfoPlist.strings; sourceTree = "<group>"; };
		4ED6561F170F7925005FEE56 /* GCDAsyncSocket.h */ = {isa = PBXFileReference; fileEncoding = 4; lastKnownFileType = sourcecode.c.h; path = GCDAsyncSocket.h; sourceTree = "<group>"; };
		4ED65620170F7925005FEE56 /* GCDAsyncSocket.m */ = {isa = PBXFileReference; fileEncoding = 4; lastKnownFileType = sourcecode.c.objc; path = GCDAsyncSocket.m; sourceTree = "<group>"; };
		4ED65621170F7925005FEE56 /* GCDAsyncUdpSocket.h */ = {isa = PBXFileReference; fileEncoding = 4; lastKnownFileType = sourcecode.c.h; path = GCDAsyncUdpSocket.h; sourceTree = "<group>"; };
		4ED65622170F7925005FEE56 /* GCDAsyncUdpSocket.m */ = {isa = PBXFileReference; fileEncoding = 4; lastKnownFileType = sourcecode.c.objc; path = GCDAsyncUdpSocket.m; sourceTree = "<group>"; };
		4ED6562B170F7AE0005FEE56 /* SwarmMessage.h */ = {isa = PBXFileReference; fileEncoding = 4; lastKnownFileType = sourcecode.c.h; path = SwarmMessage.h; sourceTree = "<group>"; };
		4ED6562C170F7AE0005FEE56 /* SwarmMessage.m */ = {isa = PBXFileReference; fileEncoding = 4; lastKnownFileType = sourcecode.c.objc; path = SwarmMessage.m; sourceTree = "<group>"; };
		4ED65632170FA13F005FEE56 /* DPSMessageTests.h */ = {isa = PBXFileReference; fileEncoding = 4; lastKnownFileType = sourcecode.c.h; path = DPSMessageTests.h; sourceTree = "<group>"; };
		4ED65633170FA13F005FEE56 /* DPSMessageTests.m */ = {isa = PBXFileReference; fileEncoding = 4; lastKnownFileType = sourcecode.c.objc; path = DPSMessageTests.m; sourceTree = "<group>"; };
		4ED65635170FA563005FEE56 /* Security.framework */ = {isa = PBXFileReference; lastKnownFileType = wrapper.framework; name = Security.framework; path = System/Library/Frameworks/Security.framework; sourceTree = SDKROOT; };
		4ED65637170FCE81005FEE56 /* SwarmNode.h */ = {isa = PBXFileReference; fileEncoding = 4; lastKnownFileType = sourcecode.c.h; path = SwarmNode.h; sourceTree = "<group>"; };
		4ED65638170FCE81005FEE56 /* SwarmNode.m */ = {isa = PBXFileReference; fileEncoding = 4; lastKnownFileType = sourcecode.c.objc; path = SwarmNode.m; sourceTree = "<group>"; };
		4ED6563B17107ECB005FEE56 /* SwarmHistoryItem.h */ = {isa = PBXFileReference; fileEncoding = 4; lastKnownFileType = sourcecode.c.h; path = SwarmHistoryItem.h; sourceTree = "<group>"; };
		4ED6563C17107ECB005FEE56 /* SwarmHistoryItem.m */ = {isa = PBXFileReference; fileEncoding = 4; lastKnownFileType = sourcecode.c.objc; path = SwarmHistoryItem.m; sourceTree = "<group>"; };
		4ED6574B17130567005FEE56 /* DPSHistoryItemTests.h */ = {isa = PBXFileReference; fileEncoding = 4; lastKnownFileType = sourcecode.c.h; path = DPSHistoryItemTests.h; sourceTree = "<group>"; };
		4ED6574C17130567005FEE56 /* DPSHistoryItemTests.m */ = {isa = PBXFileReference; fileEncoding = 4; lastKnownFileType = sourcecode.c.objc; path = DPSHistoryItemTests.m; sourceTree = "<group>"; };
		4ED657531713830A005FEE56 /* DPSNodeTests.h */ = {isa = PBXFileReference; fileEncoding = 4; lastKnownFileType = sourcecode.c.h; path = DPSNodeTests.h; sourceTree = "<group>"; };
		4ED657541713830A005FEE56 /* DPSNodeTests.m */ = {isa = PBXFileReference; fileEncoding = 4; lastKnownFileType = sourcecode.c.objc; path = DPSNodeTests.m; sourceTree = "<group>"; };
/* End PBXFileReference section */

/* Begin PBXFrameworksBuildPhase section */
		4EB2E18D1722E9F800667537 /* Frameworks */ = {
			isa = PBXFrameworksBuildPhase;
			buildActionMask = 2147483647;
			files = (
				4EB2E1AD1722EB0700667537 /* JVectorClock.framework in Frameworks */,
				4EB2E1AC1722EB0200667537 /* Swarm.framework in Frameworks */,
				4EB2E1911722E9F800667537 /* Cocoa.framework in Frameworks */,
			);
			runOnlyForDeploymentPostprocessing = 0;
		};
		4ED655DF170F7867005FEE56 /* Frameworks */ = {
			isa = PBXFrameworksBuildPhase;
			buildActionMask = 2147483647;
			files = (
				4EC012AE1719FF1600F65581 /* JVectorClock.framework in Frameworks */,
				4ED65636170FA563005FEE56 /* Security.framework in Frameworks */,
				4ED655E7170F7867005FEE56 /* Cocoa.framework in Frameworks */,
			);
			runOnlyForDeploymentPostprocessing = 0;
		};
		4ED655F7170F7867005FEE56 /* Frameworks */ = {
			isa = PBXFrameworksBuildPhase;
			buildActionMask = 2147483647;
			files = (
				4ED655FD170F7867005FEE56 /* SenTestingKit.framework in Frameworks */,
				4ED655FE170F7867005FEE56 /* Cocoa.framework in Frameworks */,
				4ED65601170F7867005FEE56 /* Swarm.framework in Frameworks */,
			);
			runOnlyForDeploymentPostprocessing = 0;
		};
/* End PBXFrameworksBuildPhase section */

/* Begin PBXGroup section */
		4EB2E1921722E9F800667537 /* SwarmTest */ = {
			isa = PBXGroup;
			children = (
				4EB2E1A91722EA1B00667537 /* HATMessageHistorySource.h */,
				4EB2E1AA1722EA1B00667537 /* HATMessageHistorySource.m */,
				4EB2E19E1722E9F800667537 /* HATAppDelegate.h */,
				4EB2E19F1722E9F800667537 /* HATAppDelegate.m */,
				4EB2E1A11722E9F800667537 /* MainMenu.xib */,
				4EB2E1931722E9F800667537 /* Supporting Files */,
			);
			path = SwarmTest;
			sourceTree = "<group>";
		};
		4EB2E1931722E9F800667537 /* Supporting Files */ = {
			isa = PBXGroup;
			children = (
				4EB2E1941722E9F800667537 /* SwarmTest-Info.plist */,
				4EB2E1951722E9F800667537 /* InfoPlist.strings */,
				4EB2E1981722E9F800667537 /* main.m */,
				4EB2E19A1722E9F800667537 /* SwarmTest-Prefix.pch */,
				4EB2E19B1722E9F800667537 /* Credits.rtf */,
			);
			name = "Supporting Files";
			sourceTree = "<group>";
		};
		4EC012A11719FEF500F65581 /* Products */ = {
			isa = PBXGroup;
			children = (
				4EC012A71719FEF600F65581 /* JVectorClock.framework */,
				4EC012A91719FEF600F65581 /* JVectorClockTests.octest */,
				4EC012AB1719FEF600F65581 /* libJVectorClock-iOS.a */,
			);
			name = Products;
			sourceTree = "<group>";
		};
		4ED655D9170F7867005FEE56 = {
			isa = PBXGroup;
			children = (
				4ED655EC170F7867005FEE56 /* Swarm */,
				4ED6561D170F7925005FEE56 /* Vendor */,
				4EB2E1921722E9F800667537 /* SwarmTest */,
				4ED65602170F7867005FEE56 /* SwarmTests */,
				4ED655E5170F7867005FEE56 /* Frameworks */,
				4ED655E4170F7867005FEE56 /* Products */,
			);
			sourceTree = "<group>";
		};
		4ED655E4170F7867005FEE56 /* Products */ = {
			isa = PBXGroup;
			children = (
				4ED655E3170F7867005FEE56 /* Swarm.framework */,
				4ED655FB170F7867005FEE56 /* SwarmTests.octest */,
				4EB2E1901722E9F800667537 /* SwarmTest.app */,
			);
			name = Products;
			sourceTree = "<group>";
		};
		4ED655E5170F7867005FEE56 /* Frameworks */ = {
			isa = PBXGroup;
			children = (
				4ED65635170FA563005FEE56 /* Security.framework */,
				4ED655E6170F7867005FEE56 /* Cocoa.framework */,
				4ED655FC170F7867005FEE56 /* SenTestingKit.framework */,
				4E02589A1715122700C4AEC0 /* Foundation.framework */,
				4ED655E8170F7867005FEE56 /* Other Frameworks */,
			);
			name = Frameworks;
			sourceTree = "<group>";
		};
		4ED655E8170F7867005FEE56 /* Other Frameworks */ = {
			isa = PBXGroup;
			children = (
				4ED655E9170F7867005FEE56 /* AppKit.framework */,
				4ED655EA170F7867005FEE56 /* CoreData.framework */,
				4ED655EB170F7867005FEE56 /* Foundation.framework */,
			);
			name = "Other Frameworks";
			sourceTree = "<group>";
		};
		4ED655EC170F7867005FEE56 /* Swarm */ = {
			isa = PBXGroup;
			children = (
				4ED6563B17107ECB005FEE56 /* SwarmHistoryItem.h */,
				4ED6563C17107ECB005FEE56 /* SwarmHistoryItem.m */,
				4ED6562B170F7AE0005FEE56 /* SwarmMessage.h */,
				4ED6562C170F7AE0005FEE56 /* SwarmMessage.m */,
				4ED65637170FCE81005FEE56 /* SwarmNode.h */,
				4ED65638170FCE81005FEE56 /* SwarmNode.m */,
				4EB2E1B41724338000667537 /* SwarmCoordinator.h */,
				4EB2E1B51724338000667537 /* SwarmCoordinator.m */,
				4EB2E1B01724316E00667537 /* SwarmBonjourServer.h */,
				4EB2E1B11724316E00667537 /* SwarmBonjourServer.m */,
				4EB2E1B817244FC700667537 /* SwarmBonjourClient.h */,
				4EB2E1B917244FC700667537 /* SwarmBonjourClient.m */,
				4EB2E1BC1724632800667537 /* SwarmNodeIDGenerator.h */,
				4EB2E1BD1724632800667537 /* SwarmNodeIDGenerator.m */,
				4ED655F3170F7867005FEE56 /* Swarm.h */,
				4ED655ED170F7867005FEE56 /* Supporting Files */,
			);
			path = Swarm;
			sourceTree = "<group>";
		};
		4ED655ED170F7867005FEE56 /* Supporting Files */ = {
			isa = PBXGroup;
			children = (
				4ED655EE170F7867005FEE56 /* Swarm-Info.plist */,
				4ED655EF170F7867005FEE56 /* InfoPlist.strings */,
				4ED655F2170F7867005FEE56 /* Swarm-Prefix.pch */,
			);
			name = "Supporting Files";
			sourceTree = "<group>";
		};
		4ED65602170F7867005FEE56 /* SwarmTests */ = {
			isa = PBXGroup;
			children = (
				4ED6574B17130567005FEE56 /* DPSHistoryItemTests.h */,
				4ED6574C17130567005FEE56 /* DPSHistoryItemTests.m */,
				4ED65632170FA13F005FEE56 /* DPSMessageTests.h */,
				4ED65633170FA13F005FEE56 /* DPSMessageTests.m */,
				4ED657531713830A005FEE56 /* DPSNodeTests.h */,
				4ED657541713830A005FEE56 /* DPSNodeTests.m */,
				4ED65603170F7867005FEE56 /* Supporting Files */,
			);
			path = SwarmTests;
			sourceTree = "<group>";
		};
		4ED65603170F7867005FEE56 /* Supporting Files */ = {
			isa = PBXGroup;
			children = (
				4ED65604170F7867005FEE56 /* SwarmTests-Info.plist */,
				4ED65605170F7867005FEE56 /* InfoPlist.strings */,
			);
			name = "Supporting Files";
			sourceTree = "<group>";
		};
		4ED6561D170F7925005FEE56 /* Vendor */ = {
			isa = PBXGroup;
			children = (
				4EC012A01719FEF500F65581 /* JVectorClock.xcodeproj */,
				4ED6561E170F7925005FEE56 /* GCDAsyncSocket */,
			);
			path = Vendor;
			sourceTree = "<group>";
		};
		4ED6561E170F7925005FEE56 /* GCDAsyncSocket */ = {
			isa = PBXGroup;
			children = (
				4ED6561F170F7925005FEE56 /* GCDAsyncSocket.h */,
				4ED65620170F7925005FEE56 /* GCDAsyncSocket.m */,
				4ED65621170F7925005FEE56 /* GCDAsyncUdpSocket.h */,
				4ED65622170F7925005FEE56 /* GCDAsyncUdpSocket.m */,
			);
			path = GCDAsyncSocket;
			sourceTree = "<group>";
		};
/* End PBXGroup section */

/* Begin PBXHeadersBuildPhase section */
		4ED655E0170F7867005FEE56 /* Headers */ = {
			isa = PBXHeadersBuildPhase;
			buildActionMask = 2147483647;
			files = (
				4ED65623170F7925005FEE56 /* GCDAsyncSocket.h in Headers */,
				4ED65625170F7925005FEE56 /* GCDAsyncUdpSocket.h in Headers */,
				4ED6562D170F7AE0005FEE56 /* SwarmMessage.h in Headers */,
				4ED65639170FCE81005FEE56 /* SwarmNode.h in Headers */,
				4ED6563D17107ECB005FEE56 /* SwarmHistoryItem.h in Headers */,
				4EB2E1B21724316E00667537 /* SwarmBonjourServer.h in Headers */,
				4EB2E1B61724338000667537 /* SwarmCoordinator.h in Headers */,
				4EB2E1BA17244FC700667537 /* SwarmBonjourClient.h in Headers */,
				4EB2E1BE1724632800667537 /* SwarmNodeIDGenerator.h in Headers */,
			);
			runOnlyForDeploymentPostprocessing = 0;
		};
/* End PBXHeadersBuildPhase section */

/* Begin PBXNativeTarget section */
		4EB2E18F1722E9F800667537 /* SwarmTest */ = {
			isa = PBXNativeTarget;
			buildConfigurationList = 4EB2E1A81722E9F800667537 /* Build configuration list for PBXNativeTarget "SwarmTest" */;
			buildPhases = (
				4EB2E18C1722E9F800667537 /* Sources */,
				4EB2E18D1722E9F800667537 /* Frameworks */,
				4EB2E18E1722E9F800667537 /* Resources */,
			);
			buildRules = (
			);
			dependencies = (
			);
			name = SwarmTest;
			productName = SwarmTest;
			productReference = 4EB2E1901722E9F800667537 /* SwarmTest.app */;
			productType = "com.apple.product-type.application";
		};
		4ED655E2170F7867005FEE56 /* Swarm */ = {
			isa = PBXNativeTarget;
			buildConfigurationList = 4ED6560D170F7867005FEE56 /* Build configuration list for PBXNativeTarget "Swarm" */;
			buildPhases = (
				4ED655DE170F7867005FEE56 /* Sources */,
				4ED655DF170F7867005FEE56 /* Frameworks */,
				4ED655E0170F7867005FEE56 /* Headers */,
				4ED655E1170F7867005FEE56 /* Resources */,
			);
			buildRules = (
			);
			dependencies = (
				4EC012AD1719FF0000F65581 /* PBXTargetDependency */,
			);
			name = Swarm;
			productName = Swarm;
			productReference = 4ED655E3170F7867005FEE56 /* Swarm.framework */;
			productType = "com.apple.product-type.framework";
		};
		4ED655FA170F7867005FEE56 /* SwarmTests */ = {
			isa = PBXNativeTarget;
			buildConfigurationList = 4ED65610170F7867005FEE56 /* Build configuration list for PBXNativeTarget "SwarmTests" */;
			buildPhases = (
				4ED655F6170F7867005FEE56 /* Sources */,
				4ED655F7170F7867005FEE56 /* Frameworks */,
				4ED655F8170F7867005FEE56 /* Resources */,
				4ED655F9170F7867005FEE56 /* ShellScript */,
			);
			buildRules = (
			);
			dependencies = (
				4ED65600170F7867005FEE56 /* PBXTargetDependency */,
			);
			name = SwarmTests;
			productName = SwarmTests;
			productReference = 4ED655FB170F7867005FEE56 /* SwarmTests.octest */;
			productType = "com.apple.product-type.bundle";
		};
/* End PBXNativeTarget section */

/* Begin PBXProject section */
		4ED655DA170F7867005FEE56 /* Project object */ = {
			isa = PBXProject;
			attributes = {
				LastUpgradeCheck = 0460;
				ORGANIZATIONNAME = "Jeremy Tregunna";
			};
			buildConfigurationList = 4ED655DD170F7867005FEE56 /* Build configuration list for PBXProject "Swarm" */;
			compatibilityVersion = "Xcode 3.2";
			developmentRegion = English;
			hasScannedForEncodings = 0;
			knownRegions = (
				en,
			);
			mainGroup = 4ED655D9170F7867005FEE56;
			productRefGroup = 4ED655E4170F7867005FEE56 /* Products */;
			projectDirPath = "";
			projectReferences = (
				{
					ProductGroup = 4EC012A11719FEF500F65581 /* Products */;
					ProjectRef = 4EC012A01719FEF500F65581 /* JVectorClock.xcodeproj */;
				},
			);
			projectRoot = "";
			targets = (
				4ED655E2170F7867005FEE56 /* Swarm */,
				4ED655FA170F7867005FEE56 /* SwarmTests */,
				4EB2E18F1722E9F800667537 /* SwarmTest */,
			);
		};
/* End PBXProject section */

/* Begin PBXReferenceProxy section */
		4EC012A71719FEF600F65581 /* JVectorClock.framework */ = {
			isa = PBXReferenceProxy;
			fileType = wrapper.framework;
			path = JVectorClock.framework;
			remoteRef = 4EC012A61719FEF600F65581 /* PBXContainerItemProxy */;
			sourceTree = BUILT_PRODUCTS_DIR;
		};
		4EC012A91719FEF600F65581 /* JVectorClockTests.octest */ = {
			isa = PBXReferenceProxy;
			fileType = wrapper.cfbundle;
			path = JVectorClockTests.octest;
			remoteRef = 4EC012A81719FEF600F65581 /* PBXContainerItemProxy */;
			sourceTree = BUILT_PRODUCTS_DIR;
		};
		4EC012AB1719FEF600F65581 /* libJVectorClock-iOS.a */ = {
			isa = PBXReferenceProxy;
			fileType = archive.ar;
			path = "libJVectorClock-iOS.a";
			remoteRef = 4EC012AA1719FEF600F65581 /* PBXContainerItemProxy */;
			sourceTree = BUILT_PRODUCTS_DIR;
		};
/* End PBXReferenceProxy section */

/* Begin PBXResourcesBuildPhase section */
		4EB2E18E1722E9F800667537 /* Resources */ = {
			isa = PBXResourcesBuildPhase;
			buildActionMask = 2147483647;
			files = (
				4EB2E1971722E9F800667537 /* InfoPlist.strings in Resources */,
				4EB2E19D1722E9F800667537 /* Credits.rtf in Resources */,
				4EB2E1A31722E9F800667537 /* MainMenu.xib in Resources */,
				4EB2E1AF1723805B00667537 /* JVectorClock.framework in Resources */,
				4EB2E1AE1723804D00667537 /* Swarm.framework in Resources */,
			);
			runOnlyForDeploymentPostprocessing = 0;
		};
		4ED655E1170F7867005FEE56 /* Resources */ = {
			isa = PBXResourcesBuildPhase;
			buildActionMask = 2147483647;
			files = (
				4ED655F1170F7867005FEE56 /* InfoPlist.strings in Resources */,
			);
			runOnlyForDeploymentPostprocessing = 0;
		};
		4ED655F8170F7867005FEE56 /* Resources */ = {
			isa = PBXResourcesBuildPhase;
			buildActionMask = 2147483647;
			files = (
				4ED65607170F7867005FEE56 /* InfoPlist.strings in Resources */,
			);
			runOnlyForDeploymentPostprocessing = 0;
		};
/* End PBXResourcesBuildPhase section */

/* Begin PBXShellScriptBuildPhase section */
		4ED655F9170F7867005FEE56 /* ShellScript */ = {
			isa = PBXShellScriptBuildPhase;
			buildActionMask = 2147483647;
			files = (
			);
			inputPaths = (
			);
			outputPaths = (
			);
			runOnlyForDeploymentPostprocessing = 0;
			shellPath = /bin/sh;
			shellScript = "# Run the unit tests in this test bundle.\n\"${SYSTEM_DEVELOPER_DIR}/Tools/RunUnitTests\"\n";
		};
/* End PBXShellScriptBuildPhase section */

/* Begin PBXSourcesBuildPhase section */
		4EB2E18C1722E9F800667537 /* Sources */ = {
			isa = PBXSourcesBuildPhase;
			buildActionMask = 2147483647;
			files = (
				4EB2E1991722E9F800667537 /* main.m in Sources */,
				4EB2E1A01722E9F800667537 /* HATAppDelegate.m in Sources */,
				4EB2E1AB1722EA1B00667537 /* HATMessageHistorySource.m in Sources */,
			);
			runOnlyForDeploymentPostprocessing = 0;
		};
		4ED655DE170F7867005FEE56 /* Sources */ = {
			isa = PBXSourcesBuildPhase;
			buildActionMask = 2147483647;
			files = (
				4ED65624170F7925005FEE56 /* GCDAsyncSocket.m in Sources */,
				4ED65626170F7925005FEE56 /* GCDAsyncUdpSocket.m in Sources */,
				4ED6562E170F7AE0005FEE56 /* SwarmMessage.m in Sources */,
				4ED6563A170FCE81005FEE56 /* SwarmNode.m in Sources */,
				4ED6563E17107ECB005FEE56 /* SwarmHistoryItem.m in Sources */,
				4EB2E1B31724316E00667537 /* SwarmBonjourServer.m in Sources */,
				4EB2E1B71724338000667537 /* SwarmCoordinator.m in Sources */,
				4EB2E1BB17244FC700667537 /* SwarmBonjourClient.m in Sources */,
				4EB2E1BF1724632800667537 /* SwarmNodeIDGenerator.m in Sources */,
			);
			runOnlyForDeploymentPostprocessing = 0;
		};
		4ED655F6170F7867005FEE56 /* Sources */ = {
			isa = PBXSourcesBuildPhase;
			buildActionMask = 2147483647;
			files = (
				4ED65634170FA13F005FEE56 /* DPSMessageTests.m in Sources */,
				4ED6574D17130567005FEE56 /* DPSHistoryItemTests.m in Sources */,
				4ED657551713830A005FEE56 /* DPSNodeTests.m in Sources */,
			);
			runOnlyForDeploymentPostprocessing = 0;
		};
/* End PBXSourcesBuildPhase section */

/* Begin PBXTargetDependency section */
		4EC012AD1719FF0000F65581 /* PBXTargetDependency */ = {
			isa = PBXTargetDependency;
			name = JVectorClock;
			targetProxy = 4EC012AC1719FF0000F65581 /* PBXContainerItemProxy */;
		};
		4ED65600170F7867005FEE56 /* PBXTargetDependency */ = {
			isa = PBXTargetDependency;
			target = 4ED655E2170F7867005FEE56 /* Swarm */;
			targetProxy = 4ED655FF170F7867005FEE56 /* PBXContainerItemProxy */;
		};
/* End PBXTargetDependency section */

/* Begin PBXVariantGroup section */
		4EB2E1951722E9F800667537 /* InfoPlist.strings */ = {
			isa = PBXVariantGroup;
			children = (
				4EB2E1961722E9F800667537 /* en */,
			);
			name = InfoPlist.strings;
			sourceTree = "<group>";
		};
		4EB2E19B1722E9F800667537 /* Credits.rtf */ = {
			isa = PBXVariantGroup;
			children = (
				4EB2E19C1722E9F800667537 /* en */,
			);
			name = Credits.rtf;
			sourceTree = "<group>";
		};
		4EB2E1A11722E9F800667537 /* MainMenu.xib */ = {
			isa = PBXVariantGroup;
			children = (
				4EB2E1A21722E9F800667537 /* en */,
			);
			name = MainMenu.xib;
			sourceTree = "<group>";
		};
		4ED655EF170F7867005FEE56 /* InfoPlist.strings */ = {
			isa = PBXVariantGroup;
			children = (
				4ED655F0170F7867005FEE56 /* en */,
			);
			name = InfoPlist.strings;
			sourceTree = "<group>";
		};
		4ED65605170F7867005FEE56 /* InfoPlist.strings */ = {
			isa = PBXVariantGroup;
			children = (
				4ED65606170F7867005FEE56 /* en */,
			);
			name = InfoPlist.strings;
			sourceTree = "<group>";
		};
/* End PBXVariantGroup section */

/* Begin XCBuildConfiguration section */
		4EB2E1A41722E9F800667537 /* Debug */ = {
			isa = XCBuildConfiguration;
			buildSettings = {
				CODE_SIGN_IDENTITY = "Mac Developer: Jeremy Tregunna (SH4BEB8U3Z)";
				COMBINE_HIDPI_IMAGES = YES;
				GCC_PRECOMPILE_PREFIX_HEADER = YES;
				GCC_PREFIX_HEADER = "SwarmTest/SwarmTest-Prefix.pch";
				HEADER_SEARCH_PATHS = "\"$(SOURCE_ROOT)/Vendor/JVectorClock\"";
				INFOPLIST_FILE = "SwarmTest/SwarmTest-Info.plist";
				LD_RUNPATH_SEARCH_PATHS = "@loader_path/../Resources";
				PRODUCT_NAME = "$(TARGET_NAME)";
				PROVISIONING_PROFILE = "";
				WRAPPER_EXTENSION = app;
			};
			name = Debug;
		};
		4EB2E1A51722E9F800667537 /* Release */ = {
			isa = XCBuildConfiguration;
			buildSettings = {
				CODE_SIGN_IDENTITY = "Mac Developer: Jeremy Tregunna (SH4BEB8U3Z)";
				COMBINE_HIDPI_IMAGES = YES;
				GCC_PRECOMPILE_PREFIX_HEADER = YES;
				GCC_PREFIX_HEADER = "SwarmTest/SwarmTest-Prefix.pch";
				HEADER_SEARCH_PATHS = "\"$(SOURCE_ROOT)/Vendor/JVectorClock\"";
				INFOPLIST_FILE = "SwarmTest/SwarmTest-Info.plist";
				LD_RUNPATH_SEARCH_PATHS = "@loader_path/../Resources";
				PRODUCT_NAME = "$(TARGET_NAME)";
				PROVISIONING_PROFILE = "";
				WRAPPER_EXTENSION = app;
			};
			name = Release;
		};
		4ED6560B170F7867005FEE56 /* Debug */ = {
			isa = XCBuildConfiguration;
			buildSettings = {
				ALWAYS_SEARCH_USER_PATHS = NO;
				ARCHS = "$(ARCHS_STANDARD_64_BIT)";
				CLANG_CXX_LANGUAGE_STANDARD = "gnu++0x";
				CLANG_CXX_LIBRARY = "libc++";
				CLANG_ENABLE_OBJC_ARC = YES;
				CLANG_WARN_CONSTANT_CONVERSION = YES;
				CLANG_WARN_EMPTY_BODY = YES;
				CLANG_WARN_ENUM_CONVERSION = YES;
				CLANG_WARN_INT_CONVERSION = YES;
				CLANG_WARN__DUPLICATE_METHOD_MATCH = YES;
				COPY_PHASE_STRIP = NO;
				GCC_C_LANGUAGE_STANDARD = gnu99;
				GCC_DYNAMIC_NO_PIC = NO;
				GCC_ENABLE_OBJC_EXCEPTIONS = YES;
				GCC_OPTIMIZATION_LEVEL = 0;
				GCC_PREPROCESSOR_DEFINITIONS = (
					"DEBUG=1",
					"$(inherited)",
				);
				GCC_SYMBOLS_PRIVATE_EXTERN = NO;
				GCC_WARN_64_TO_32_BIT_CONVERSION = YES;
				GCC_WARN_ABOUT_RETURN_TYPE = YES;
				GCC_WARN_UNINITIALIZED_AUTOS = YES;
				GCC_WARN_UNUSED_VARIABLE = YES;
				MACOSX_DEPLOYMENT_TARGET = 10.8;
				ONLY_ACTIVE_ARCH = YES;
				SDKROOT = macosx;
			};
			name = Debug;
		};
		4ED6560C170F7867005FEE56 /* Release */ = {
			isa = XCBuildConfiguration;
			buildSettings = {
				ALWAYS_SEARCH_USER_PATHS = NO;
				ARCHS = "$(ARCHS_STANDARD_64_BIT)";
				CLANG_CXX_LANGUAGE_STANDARD = "gnu++0x";
				CLANG_CXX_LIBRARY = "libc++";
				CLANG_ENABLE_OBJC_ARC = YES;
				CLANG_WARN_CONSTANT_CONVERSION = YES;
				CLANG_WARN_EMPTY_BODY = YES;
				CLANG_WARN_ENUM_CONVERSION = YES;
				CLANG_WARN_INT_CONVERSION = YES;
				CLANG_WARN__DUPLICATE_METHOD_MATCH = YES;
				COPY_PHASE_STRIP = YES;
				DEBUG_INFORMATION_FORMAT = "dwarf-with-dsym";
				GCC_C_LANGUAGE_STANDARD = gnu99;
				GCC_ENABLE_OBJC_EXCEPTIONS = YES;
				GCC_WARN_64_TO_32_BIT_CONVERSION = YES;
				GCC_WARN_ABOUT_RETURN_TYPE = YES;
				GCC_WARN_UNINITIALIZED_AUTOS = YES;
				GCC_WARN_UNUSED_VARIABLE = YES;
				MACOSX_DEPLOYMENT_TARGET = 10.8;
				SDKROOT = macosx;
			};
			name = Release;
		};
		4ED6560E170F7867005FEE56 /* Debug */ = {
			isa = XCBuildConfiguration;
			buildSettings = {
				CODE_SIGN_IDENTITY = "Mac Developer: Jeremy Tregunna (SH4BEB8U3Z)";
				COMBINE_HIDPI_IMAGES = YES;
				DYLIB_COMPATIBILITY_VERSION = 1;
				DYLIB_CURRENT_VERSION = 1;
				FRAMEWORK_VERSION = A;
				GCC_PRECOMPILE_PREFIX_HEADER = YES;
				GCC_PREFIX_HEADER = "Swarm/Swarm-Prefix.pch";
				HEADER_SEARCH_PATHS = "\"$(SOURCE_ROOT)/Vendor/JVectorClock\"";
				INFOPLIST_FILE = "Swarm/Swarm-Info.plist";
				INSTALL_PATH = "@rpath";
				PRODUCT_NAME = "$(TARGET_NAME)";
				PROVISIONING_PROFILE = "";
				WRAPPER_EXTENSION = framework;
			};
			name = Debug;
		};
		4ED6560F170F7867005FEE56 /* Release */ = {
			isa = XCBuildConfiguration;
			buildSettings = {
				CODE_SIGN_IDENTITY = "Mac Developer: Jeremy Tregunna (SH4BEB8U3Z)";
				COMBINE_HIDPI_IMAGES = YES;
				DYLIB_COMPATIBILITY_VERSION = 1;
				DYLIB_CURRENT_VERSION = 1;
				FRAMEWORK_VERSION = A;
				GCC_PRECOMPILE_PREFIX_HEADER = YES;
				GCC_PREFIX_HEADER = "Swarm/Swarm-Prefix.pch";
				HEADER_SEARCH_PATHS = "\"$(SOURCE_ROOT)/Vendor/JVectorClock\"";
				INFOPLIST_FILE = "Swarm/Swarm-Info.plist";
				INSTALL_PATH = "@rpath";
				PRODUCT_NAME = "$(TARGET_NAME)";
				PROVISIONING_PROFILE = "";
				WRAPPER_EXTENSION = framework;
			};
			name = Release;
		};
		4ED65611170F7867005FEE56 /* Debug */ = {
			isa = XCBuildConfiguration;
			buildSettings = {
				COMBINE_HIDPI_IMAGES = YES;
				FRAMEWORK_SEARCH_PATHS = "\"$(DEVELOPER_LIBRARY_DIR)/Frameworks\"";
				GCC_PRECOMPILE_PREFIX_HEADER = YES;
				GCC_PREFIX_HEADER = "Swarm/Swarm-Prefix.pch";
				INFOPLIST_FILE = "SwarmTests/SwarmTests-Info.plist";
				PRODUCT_NAME = "$(TARGET_NAME)";
				WRAPPER_EXTENSION = octest;
			};
			name = Debug;
		};
		4ED65612170F7867005FEE56 /* Release */ = {
			isa = XCBuildConfiguration;
			buildSettings = {
				COMBINE_HIDPI_IMAGES = YES;
				FRAMEWORK_SEARCH_PATHS = "\"$(DEVELOPER_LIBRARY_DIR)/Frameworks\"";
				GCC_PRECOMPILE_PREFIX_HEADER = YES;
				GCC_PREFIX_HEADER = "Swarm/Swarm-Prefix.pch";
				INFOPLIST_FILE = "SwarmTests/SwarmTests-Info.plist";
				PRODUCT_NAME = "$(TARGET_NAME)";
				WRAPPER_EXTENSION = octest;
			};
			name = Release;
		};
/* End XCBuildConfiguration section */

/* Begin XCConfigurationList section */
		4EB2E1A81722E9F800667537 /* Build configuration list for PBXNativeTarget "SwarmTest" */ = {
			isa = XCConfigurationList;
			buildConfigurations = (
				4EB2E1A41722E9F800667537 /* Debug */,
				4EB2E1A51722E9F800667537 /* Release */,
			);
			defaultConfigurationIsVisible = 0;
		};
		4ED655DD170F7867005FEE56 /* Build configuration list for PBXProject "Swarm" */ = {
			isa = XCConfigurationList;
			buildConfigurations = (
				4ED6560B170F7867005FEE56 /* Debug */,
				4ED6560C170F7867005FEE56 /* Release */,
			);
			defaultConfigurationIsVisible = 0;
			defaultConfigurationName = Release;
		};
		4ED6560D170F7867005FEE56 /* Build configuration list for PBXNativeTarget "Swarm" */ = {
			isa = XCConfigurationList;
			buildConfigurations = (
				4ED6560E170F7867005FEE56 /* Debug */,
				4ED6560F170F7867005FEE56 /* Release */,
			);
			defaultConfigurationIsVisible = 0;
			defaultConfigurationName = Release;
		};
		4ED65610170F7867005FEE56 /* Build configuration list for PBXNativeTarget "SwarmTests" */ = {
			isa = XCConfigurationList;
			buildConfigurations = (
				4ED65611170F7867005FEE56 /* Debug */,
				4ED65612170F7867005FEE56 /* Release */,
			);
			defaultConfigurationIsVisible = 0;
			defaultConfigurationName = Release;
		};
/* End XCConfigurationList section */
	};
	rootObject = 4ED655DA170F7867005FEE56 /* Project object */;
}
